
Microsoft Visual Studio Solution File, Format Version 12.00
# Visual Studio Version 17
VisualStudioVersion = 17.4.33205.214
MinimumVisualStudioVersion = 10.0.40219.1
Project("{8BC9CEB8-8B4A-11D0-8D11-00A0C91BC942}") = "Классы", "Классы\Классы.vcxproj", "{2163A96E-C8BB-4B13-B50F-DDC79AC40886}"
EndProject
Project("{8BC9CEB8-8B4A-11D0-8D11-00A0C91BC942}") = "Перегрузка операторов", "Перегрузка операторов\Перегрузка операторов.vcxproj", "{4C3A7205-3F15-439D-B79A-F226E82778BB}"
EndProject
Project("{8BC9CEB8-8B4A-11D0-8D11-00A0C91BC942}") = "Наследование", "Наследование\Наследование.vcxproj", "{B5DC1259-BA9F-4263-9E0A-B14A3D159447}"
EndProject
Global
	GlobalSection(SolutionConfigurationPlatforms) = preSolution
		Debug|x64 = Debug|x64
		Debug|x86 = Debug|x86
		Release|x64 = Release|x64
		Release|x86 = Release|x86
	EndGlobalSection
	GlobalSection(ProjectConfigurationPlatforms) = postSolution
		{2163A96E-C8BB-4B13-B50F-DDC79AC40886}.Debug|x64.ActiveCfg = Debug|x64
		{2163A96E-C8BB-4B13-B50F-DDC79AC40886}.Debug|x64.Build.0 = Debug|x64
		{2163A96E-C8BB-4B13-B50F-DDC79AC40886}.Debug|x86.ActiveCfg = Debug|Win32
		{2163A96E-C8BB-4B13-B50F-DDC79AC40886}.Debug|x86.Build.0 = Debug|Win32
		{2163A96E-C8BB-4B13-B50F-DDC79AC40886}.Release|x64.ActiveCfg = Release|x64
		{2163A96E-C8BB-4B13-B50F-DDC79AC40886}.Release|x64.Build.0 = Release|x64
		{2163A96E-C8BB-4B13-B50F-DDC79AC40886}.Release|x86.ActiveCfg = Release|Win32
		{2163A96E-C8BB-4B13-B50F-DDC79AC40886}.Release|x86.Build.0 = Release|Win32
		{4C3A7205-3F15-439D-B79A-F226E82778BB}.Debug|x64.ActiveCfg = Debug|x64
		{4C3A7205-3F15-439D-B79A-F226E82778BB}.Debug|x64.Build.0 = Debug|x64
		{4C3A7205-3F15-439D-B79A-F226E82778BB}.Debug|x86.ActiveCfg = Debug|Win32
		{4C3A7205-3F15-439D-B79A-F226E82778BB}.Debug|x86.Build.0 = Debug|Win32
		{4C3A7205-3F15-439D-B79A-F226E82778BB}.Release|x64.ActiveCfg = Release|x64
		{4C3A7205-3F15-439D-B79A-F226E82778BB}.Release|x64.Build.0 = Release|x64
		{4C3A7205-3F15-439D-B79A-F226E82778BB}.Release|x86.ActiveCfg = Release|Win32
		{4C3A7205-3F15-439D-B79A-F226E82778BB}.Release|x86.Build.0 = Release|Win32
		{B5DC1259-BA9F-4263-9E0A-B14A3D159447}.Debug|x64.ActiveCfg = Debug|x64
		{B5DC1259-BA9F-4263-9E0A-B14A3D159447}.Debug|x64.Build.0 = Debug|x64
		{B5DC1259-BA9F-4263-9E0A-B14A3D159447}.Debug|x86.ActiveCfg = Debug|Win32
		{B5DC1259-BA9F-4263-9E0A-B14A3D159447}.Debug|x86.Build.0 = Debug|Win32
		{B5DC1259-BA9F-4263-9E0A-B14A3D159447}.Release|x64.ActiveCfg = Release|x64
		{B5DC1259-BA9F-4263-9E0A-B14A3D159447}.Release|x64.Build.0 = Release|x64
		{B5DC1259-BA9F-4263-9E0A-B14A3D159447}.Release|x86.ActiveCfg = Release|Win32
		{B5DC1259-BA9F-4263-9E0A-B14A3D159447}.Release|x86.Build.0 = Release|Win32
	EndGlobalSection
	GlobalSection(SolutionProperties) = preSolution
		HideSolutionNode = FALSE
	EndGlobalSection
	GlobalSection(ExtensibilityGlobals) = postSolution
		SolutionGuid = {0ADC669C-BA1D-4545-988C-DC1CD9C64543}
	EndGlobalSection
EndGlobal
